// !$*UTF8*$!
{
	archiveVersion = 1;
	classes = {
	};
	objectVersion = 46;
	objects = {

/* Begin PBXBuildFile section */
		D6036CC516C8AA5D006F42DE /* QCommandConnection.m in Sources */ = {isa = PBXBuildFile; fileRef = D6036CC016C8AA5D006F42DE /* QCommandConnection.m */; };
		D6036CC616C8AA5D006F42DE /* QCommandConnection.m in Sources */ = {isa = PBXBuildFile; fileRef = D6036CC016C8AA5D006F42DE /* QCommandConnection.m */; };
		D6036CC716C8AA5D006F42DE /* QCommandLineConnection.m in Sources */ = {isa = PBXBuildFile; fileRef = D6036CC216C8AA5D006F42DE /* QCommandLineConnection.m */; };
		D6036CC816C8AA5D006F42DE /* QCommandLineConnection.m in Sources */ = {isa = PBXBuildFile; fileRef = D6036CC216C8AA5D006F42DE /* QCommandLineConnection.m */; };
		D6036CC916C8AA5D006F42DE /* QServer.m in Sources */ = {isa = PBXBuildFile; fileRef = D6036CC416C8AA5D006F42DE /* QServer.m */; };
		D6036CCA16C8AA5D006F42DE /* QServer.m in Sources */ = {isa = PBXBuildFile; fileRef = D6036CC416C8AA5D006F42DE /* QServer.m */; };
		D6036CCC16C8ADF2006F42DE /* CFNetwork.framework in Frameworks */ = {isa = PBXBuildFile; fileRef = D6036CCB16C8ADF2006F42DE /* CFNetwork.framework */; };
		E4DFDDDA16C181680001D40D /* CFNetwork.framework in Frameworks */ = {isa = PBXBuildFile; fileRef = E4DFDDD916C181680001D40D /* CFNetwork.framework */; };
		E4DFDDDF16C260CF0001D40D /* Foundation.framework in Frameworks */ = {isa = PBXBuildFile; fileRef = E4F0BFEE16725B6900297DC4 /* Foundation.framework */; };
		E4DFDDE216C260CF0001D40D /* main.m in Sources */ = {isa = PBXBuildFile; fileRef = E4DFDDE116C260CF0001D40D /* main.m */; };
		E4F0BFED16725B6900297DC4 /* UIKit.framework in Frameworks */ = {isa = PBXBuildFile; fileRef = E4F0BFEC16725B6900297DC4 /* UIKit.framework */; };
		E4F0BFEF16725B6900297DC4 /* Foundation.framework in Frameworks */ = {isa = PBXBuildFile; fileRef = E4F0BFEE16725B6900297DC4 /* Foundation.framework */; };
		E4F0BFF416725B6900297DC4 /* Icon-72.png in Resources */ = {isa = PBXBuildFile; fileRef = E4F0BFF316725B6900297DC4 /* Icon-72.png */; };
		E4F0BFF616725B6900297DC4 /* Icon-Small-50.png in Resources */ = {isa = PBXBuildFile; fileRef = E4F0BFF516725B6900297DC4 /* Icon-Small-50.png */; };
		E4F0BFF816725B6900297DC4 /* Icon-Small.png in Resources */ = {isa = PBXBuildFile; fileRef = E4F0BFF716725B6900297DC4 /* Icon-Small.png */; };
		E4F0BFFA16725B6900297DC4 /* Icon-Small@2x.png in Resources */ = {isa = PBXBuildFile; fileRef = E4F0BFF916725B6900297DC4 /* Icon-Small@2x.png */; };
		E4F0BFFC16725B6900297DC4 /* Icon.png in Resources */ = {isa = PBXBuildFile; fileRef = E4F0BFFB16725B6900297DC4 /* Icon.png */; };
		E4F0BFFE16725B6900297DC4 /* Icon@2x.png in Resources */ = {isa = PBXBuildFile; fileRef = E4F0BFFD16725B6900297DC4 /* Icon@2x.png */; };
		E4F0C00016725B6900297DC4 /* iTunesArtwork in Resources */ = {isa = PBXBuildFile; fileRef = E4F0BFFF16725B6900297DC4 /* iTunesArtwork */; };
		E4F0C00316725B6900297DC4 /* Default.png in Resources */ = {isa = PBXBuildFile; fileRef = E4F0C00216725B6900297DC4 /* Default.png */; };
		E4F0C00516725B6900297DC4 /* Default@2x.png in Resources */ = {isa = PBXBuildFile; fileRef = E4F0C00416725B6900297DC4 /* Default@2x.png */; };
		E4F0C00716725B6900297DC4 /* Default-568h@2x.png in Resources */ = {isa = PBXBuildFile; fileRef = E4F0C00616725B6900297DC4 /* Default-568h@2x.png */; };
		E4F0C00916725B6900297DC4 /* main.m in Sources */ = {isa = PBXBuildFile; fileRef = E4F0C00816725B6900297DC4 /* main.m */; };
		E4F0C00B16725B6900297DC4 /* MainWindow.xib in Resources */ = {isa = PBXBuildFile; fileRef = E4F0C00A16725B6900297DC4 /* MainWindow.xib */; };
		E4F0C00E16725B6900297DC4 /* AppDelegate.m in Sources */ = {isa = PBXBuildFile; fileRef = E4F0C00D16725B6900297DC4 /* AppDelegate.m */; };
		E4F0C01116725B6900297DC4 /* ViewController.m in Sources */ = {isa = PBXBuildFile; fileRef = E4F0C01016725B6900297DC4 /* ViewController.m */; };
		E4F0C01316725B6900297DC4 /* ViewController.xib in Resources */ = {isa = PBXBuildFile; fileRef = E4F0C01216725B6900297DC4 /* ViewController.xib */; };
		E4F0C01A16725D6600297DC4 /* ShareAndEnjoy.wav in Resources */ = {isa = PBXBuildFile; fileRef = E4F0C01916725D6600297DC4 /* ShareAndEnjoy.wav */; };
		E4F0C01C16725D9F00297DC4 /* MediaPlayer.framework in Frameworks */ = {isa = PBXBuildFile; fileRef = E4F0C01B16725D9F00297DC4 /* MediaPlayer.framework */; };
		E4F0C01E16725F9900297DC4 /* AudioToolbox.framework in Frameworks */ = {isa = PBXBuildFile; fileRef = E4F0C01D16725F9900297DC4 /* AudioToolbox.framework */; };
		E4F0C02016725F9D00297DC4 /* AVFoundation.framework in Frameworks */ = {isa = PBXBuildFile; fileRef = E4F0C01F16725F9D00297DC4 /* AVFoundation.framework */; };
/* End PBXBuildFile section */

/* Begin PBXFileReference section */
		D6036CBF16C8AA5D006F42DE /* QCommandConnection.h */ = {isa = PBXFileReference; fileEncoding = 4; lastKnownFileType = sourcecode.c.h; path = QCommandConnection.h; sourceTree = SOURCE_ROOT; };
		D6036CC016C8AA5D006F42DE /* QCommandConnection.m */ = {isa = PBXFileReference; fileEncoding = 4; lastKnownFileType = sourcecode.c.objc; path = QCommandConnection.m; sourceTree = SOURCE_ROOT; };
		D6036CC116C8AA5D006F42DE /* QCommandLineConnection.h */ = {isa = PBXFileReference; fileEncoding = 4; lastKnownFileType = sourcecode.c.h; path = QCommandLineConnection.h; sourceTree = SOURCE_ROOT; };
		D6036CC216C8AA5D006F42DE /* QCommandLineConnection.m */ = {isa = PBXFileReference; fileEncoding = 4; lastKnownFileType = sourcecode.c.objc; path = QCommandLineConnection.m; sourceTree = SOURCE_ROOT; };
		D6036CC316C8AA5D006F42DE /* QServer.h */ = {isa = PBXFileReference; fileEncoding = 4; lastKnownFileType = sourcecode.c.h; path = QServer.h; sourceTree = SOURCE_ROOT; };
		D6036CC416C8AA5D006F42DE /* QServer.m */ = {isa = PBXFileReference; fileEncoding = 4; lastKnownFileType = sourcecode.c.objc; path = QServer.m; sourceTree = SOURCE_ROOT; };
		D6036CCB16C8ADF2006F42DE /* CFNetwork.framework */ = {isa = PBXFileReference; lastKnownFileType = wrapper.framework; name = CFNetwork.framework; path = Platforms/MacOSX.platform/Developer/SDKs/MacOSX10.8.sdk/System/Library/Frameworks/CFNetwork.framework; sourceTree = DEVELOPER_DIR; };
		E4DFDDD916C181680001D40D /* CFNetwork.framework */ = {isa = PBXFileReference; lastKnownFileType = wrapper.framework; name = CFNetwork.framework; path = System/Library/Frameworks/CFNetwork.framework; sourceTree = SDKROOT; };
		E4DFDDDE16C260CF0001D40D /* AudioTestClient */ = {isa = PBXFileReference; explicitFileType = "compiled.mach-o.executable"; includeInIndex = 0; path = AudioTestClient; sourceTree = BUILT_PRODUCTS_DIR; };
		E4DFDDE116C260CF0001D40D /* main.m */ = {isa = PBXFileReference; lastKnownFileType = sourcecode.c.objc; path = main.m; sourceTree = "<group>"; };
		E4F0BFE816725B6900297DC4 /* AudioTest.app */ = {isa = PBXFileReference; explicitFileType = wrapper.application; includeInIndex = 0; path = AudioTest.app; sourceTree = BUILT_PRODUCTS_DIR; };
		E4F0BFEC16725B6900297DC4 /* UIKit.framework */ = {isa = PBXFileReference; lastKnownFileType = wrapper.framework; name = UIKit.framework; path = System/Library/Frameworks/UIKit.framework; sourceTree = SDKROOT; };
		E4F0BFEE16725B6900297DC4 /* Foundation.framework */ = {isa = PBXFileReference; lastKnownFileType = wrapper.framework; name = Foundation.framework; path = System/Library/Frameworks/Foundation.framework; sourceTree = SDKROOT; };
		E4F0BFF116725B6900297DC4 /* Info.plist */ = {isa = PBXFileReference; lastKnownFileType = text.plist.xml; path = Info.plist; sourceTree = "<group>"; };
		E4F0BFF316725B6900297DC4 /* Icon-72.png */ = {isa = PBXFileReference; lastKnownFileType = image.png; name = "Icon-72.png"; path = "Icons/Icon-72.png"; sourceTree = "<group>"; };
		E4F0BFF516725B6900297DC4 /* Icon-Small-50.png */ = {isa = PBXFileReference; lastKnownFileType = image.png; name = "Icon-Small-50.png"; path = "Icons/Icon-Small-50.png"; sourceTree = "<group>"; };
		E4F0BFF716725B6900297DC4 /* Icon-Small.png */ = {isa = PBXFileReference; lastKnownFileType = image.png; name = "Icon-Small.png"; path = "Icons/Icon-Small.png"; sourceTree = "<group>"; };
		E4F0BFF916725B6900297DC4 /* Icon-Small@2x.png */ = {isa = PBXFileReference; lastKnownFileType = image.png; name = "Icon-Small@2x.png"; path = "Icons/Icon-Small@2x.png"; sourceTree = "<group>"; };
		E4F0BFFB16725B6900297DC4 /* Icon.png */ = {isa = PBXFileReference; lastKnownFileType = image.png; name = Icon.png; path = Icons/Icon.png; sourceTree = "<group>"; };
		E4F0BFFD16725B6900297DC4 /* Icon@2x.png */ = {isa = PBXFileReference; lastKnownFileType = image.png; name = "Icon@2x.png"; path = "Icons/Icon@2x.png"; sourceTree = "<group>"; };
		E4F0BFFF16725B6900297DC4 /* iTunesArtwork */ = {isa = PBXFileReference; lastKnownFileType = file; name = iTunesArtwork; path = Icons/iTunesArtwork; sourceTree = "<group>"; };
		E4F0C00216725B6900297DC4 /* Default.png */ = {isa = PBXFileReference; lastKnownFileType = image.png; name = Default.png; path = "Default Images/Default.png"; sourceTree = "<group>"; };
		E4F0C00416725B6900297DC4 /* Default@2x.png */ = {isa = PBXFileReference; lastKnownFileType = image.png; name = "Default@2x.png"; path = "Default Images/Default@2x.png"; sourceTree = "<group>"; };
		E4F0C00616725B6900297DC4 /* Default-568h@2x.png */ = {isa = PBXFileReference; lastKnownFileType = image.png; name = "Default-568h@2x.png"; path = "Default Images/Default-568h@2x.png"; sourceTree = "<group>"; };
		E4F0C00816725B6900297DC4 /* main.m */ = {isa = PBXFileReference; lastKnownFileType = sourcecode.c.objc; path = main.m; sourceTree = "<group>"; };
		E4F0C00A16725B6900297DC4 /* MainWindow.xib */ = {isa = PBXFileReference; lastKnownFileType = file.xib; path = MainWindow.xib; sourceTree = "<group>"; };
		E4F0C00C16725B6900297DC4 /* AppDelegate.h */ = {isa = PBXFileReference; lastKnownFileType = sourcecode.c.h; path = AppDelegate.h; sourceTree = "<group>"; };
		E4F0C00D16725B6900297DC4 /* AppDelegate.m */ = {isa = PBXFileReference; lastKnownFileType = sourcecode.c.objc; path = AppDelegate.m; sourceTree = "<group>"; };
		E4F0C00F16725B6900297DC4 /* ViewController.h */ = {isa = PBXFileReference; lastKnownFileType = sourcecode.c.h; path = ViewController.h; sourceTree = "<group>"; };
		E4F0C01016725B6900297DC4 /* ViewController.m */ = {isa = PBXFileReference; lastKnownFileType = sourcecode.c.objc; path = ViewController.m; sourceTree = "<group>"; };
		E4F0C01216725B6900297DC4 /* ViewController.xib */ = {isa = PBXFileReference; lastKnownFileType = file.xib; path = ViewController.xib; sourceTree = "<group>"; };
		E4F0C01916725D6600297DC4 /* ShareAndEnjoy.wav */ = {isa = PBXFileReference; lastKnownFileType = audio.wav; path = ShareAndEnjoy.wav; sourceTree = "<group>"; };
		E4F0C01B16725D9F00297DC4 /* MediaPlayer.framework */ = {isa = PBXFileReference; lastKnownFileType = wrapper.framework; name = MediaPlayer.framework; path = System/Library/Frameworks/MediaPlayer.framework; sourceTree = SDKROOT; };
		E4F0C01D16725F9900297DC4 /* AudioToolbox.framework */ = {isa = PBXFileReference; lastKnownFileType = wrapper.framework; name = AudioToolbox.framework; path = System/Library/Frameworks/AudioToolbox.framework; sourceTree = SDKROOT; };
		E4F0C01F16725F9D00297DC4 /* AVFoundation.framework */ = {isa = PBXFileReference; lastKnownFileType = wrapper.framework; name = AVFoundation.framework; path = System/Library/Frameworks/AVFoundation.framework; sourceTree = SDKROOT; };
/* End PBXFileReference section */

/* Begin PBXFrameworksBuildPhase section */
		E4DFDDDC16C260CF0001D40D /* Frameworks */ = {
			isa = PBXFrameworksBuildPhase;
			buildActionMask = 2147483647;
			files = (
				D6036CCC16C8ADF2006F42DE /* CFNetwork.framework in Frameworks */,
				E4DFDDDF16C260CF0001D40D /* Foundation.framework in Frameworks */,
			);
			runOnlyForDeploymentPostprocessing = 0;
		};
		E4F0BFE516725B6900297DC4 /* Frameworks */ = {
			isa = PBXFrameworksBuildPhase;
			buildActionMask = 2147483647;
			files = (
				E4DFDDDA16C181680001D40D /* CFNetwork.framework in Frameworks */,
				E4F0C02016725F9D00297DC4 /* AVFoundation.framework in Frameworks */,
				E4F0C01E16725F9900297DC4 /* AudioToolbox.framework in Frameworks */,
				E4F0C01C16725D9F00297DC4 /* MediaPlayer.framework in Frameworks */,
				E4F0BFED16725B6900297DC4 /* UIKit.framework in Frameworks */,
				E4F0BFEF16725B6900297DC4 /* Foundation.framework in Frameworks */,
			);
			runOnlyForDeploymentPostprocessing = 0;
		};
/* End PBXFrameworksBuildPhase section */

/* Begin PBXGroup section */
		E4DFDDCF16C17D560001D40D /* Libraries */ = {
			isa = PBXGroup;
			children = (
				D6036CBF16C8AA5D006F42DE /* QCommandConnection.h */,
				D6036CC016C8AA5D006F42DE /* QCommandConnection.m */,
				D6036CC116C8AA5D006F42DE /* QCommandLineConnection.h */,
				D6036CC216C8AA5D006F42DE /* QCommandLineConnection.m */,
				D6036CC316C8AA5D006F42DE /* QServer.h */,
				D6036CC416C8AA5D006F42DE /* QServer.m */,
			);
			name = Libraries;
			path = ../Libraries;
			sourceTree = "<group>";
		};
		E4DFDDE016C260CF0001D40D /* AudioTestClient */ = {
			isa = PBXGroup;
			children = (
				E4DFDDE116C260CF0001D40D /* main.m */,
			);
			path = AudioTestClient;
			sourceTree = "<group>";
		};
		E4F0BFDD16725B6900297DC4 = {
			isa = PBXGroup;
			children = (
				D6036CCB16C8ADF2006F42DE /* CFNetwork.framework */,
				E4F0BFF016725B6900297DC4 /* AudioTest */,
				E4DFDDE016C260CF0001D40D /* AudioTestClient */,
				E4DFDDCF16C17D560001D40D /* Libraries */,
				E4F0BFEB16725B6900297DC4 /* Frameworks */,
				E4F0BFE916725B6900297DC4 /* Products */,
			);
			sourceTree = "<group>";
		};
		E4F0BFE916725B6900297DC4 /* Products */ = {
			isa = PBXGroup;
			children = (
				E4F0BFE816725B6900297DC4 /* AudioTest.app */,
				E4DFDDDE16C260CF0001D40D /* AudioTestClient */,
			);
			name = Products;
			sourceTree = "<group>";
		};
		E4F0BFEB16725B6900297DC4 /* Frameworks */ = {
			isa = PBXGroup;
			children = (
				E4F0C01F16725F9D00297DC4 /* AVFoundation.framework */,
				E4F0C01D16725F9900297DC4 /* AudioToolbox.framework */,
				E4F0C01B16725D9F00297DC4 /* MediaPlayer.framework */,
				E4F0BFEC16725B6900297DC4 /* UIKit.framework */,
				E4F0BFEE16725B6900297DC4 /* Foundation.framework */,
				E4DFDDD916C181680001D40D /* CFNetwork.framework */,
			);
			name = Frameworks;
			sourceTree = "<group>";
		};
		E4F0BFF016725B6900297DC4 /* AudioTest */ = {
			isa = PBXGroup;
			children = (
				E4F0BFF116725B6900297DC4 /* Info.plist */,
				E4F0C00816725B6900297DC4 /* main.m */,
				E4F0C00A16725B6900297DC4 /* MainWindow.xib */,
				E4F0C00C16725B6900297DC4 /* AppDelegate.h */,
				E4F0C00D16725B6900297DC4 /* AppDelegate.m */,
				E4F0C00F16725B6900297DC4 /* ViewController.h */,
				E4F0C01016725B6900297DC4 /* ViewController.m */,
				E4F0C01216725B6900297DC4 /* ViewController.xib */,
				E4F0C01916725D6600297DC4 /* ShareAndEnjoy.wav */,
				E4F0BFF216725B6900297DC4 /* Icons */,
				E4F0C00116725B6900297DC4 /* Default Images */,
			);
			path = AudioTest;
			sourceTree = "<group>";
		};
		E4F0BFF216725B6900297DC4 /* Icons */ = {
			isa = PBXGroup;
			children = (
				E4F0BFF316725B6900297DC4 /* Icon-72.png */,
				E4F0BFF516725B6900297DC4 /* Icon-Small-50.png */,
				E4F0BFF716725B6900297DC4 /* Icon-Small.png */,
				E4F0BFF916725B6900297DC4 /* Icon-Small@2x.png */,
				E4F0BFFB16725B6900297DC4 /* Icon.png */,
				E4F0BFFD16725B6900297DC4 /* Icon@2x.png */,
				E4F0BFFF16725B6900297DC4 /* iTunesArtwork */,
			);
			name = Icons;
			sourceTree = "<group>";
		};
		E4F0C00116725B6900297DC4 /* Default Images */ = {
			isa = PBXGroup;
			children = (
				E4F0C00216725B6900297DC4 /* Default.png */,
				E4F0C00416725B6900297DC4 /* Default@2x.png */,
				E4F0C00616725B6900297DC4 /* Default-568h@2x.png */,
			);
			name = "Default Images";
			sourceTree = "<group>";
		};
/* End PBXGroup section */

/* Begin PBXNativeTarget section */
		E4DFDDDD16C260CF0001D40D /* AudioTestClient */ = {
			isa = PBXNativeTarget;
			buildConfigurationList = E4DFDDE516C260CF0001D40D /* Build configuration list for PBXNativeTarget "AudioTestClient" */;
			buildPhases = (
				E4DFDDDB16C260CF0001D40D /* Sources */,
				E4DFDDDC16C260CF0001D40D /* Frameworks */,
			);
			buildRules = (
			);
			dependencies = (
			);
			name = AudioTestClient;
			productName = AudioTestClient;
			productReference = E4DFDDDE16C260CF0001D40D /* AudioTestClient */;
			productType = "com.apple.product-type.tool";
		};
		E4F0BFE716725B6900297DC4 /* AudioTest */ = {
			isa = PBXNativeTarget;
			buildConfigurationList = E4F0C01616725B6900297DC4 /* Build configuration list for PBXNativeTarget "AudioTest" */;
			buildPhases = (
				E4F0BFE416725B6900297DC4 /* Sources */,
				E4F0BFE516725B6900297DC4 /* Frameworks */,
				E4F0BFE616725B6900297DC4 /* Resources */,
			);
			buildRules = (
			);
			dependencies = (
			);
			name = AudioTest;
			productName = AudioTest;
			productReference = E4F0BFE816725B6900297DC4 /* AudioTest.app */;
			productType = "com.apple.product-type.application";
		};
/* End PBXNativeTarget section */

/* Begin PBXProject section */
		E4F0BFDF16725B6900297DC4 /* Project object */ = {
			isa = PBXProject;
			attributes = {
				LastUpgradeCheck = 0450;
			};
			buildConfigurationList = E4F0BFE216725B6900297DC4 /* Build configuration list for PBXProject "AudioTest" */;
			compatibilityVersion = "Xcode 3.2";
			developmentRegion = English;
			hasScannedForEncodings = 0;
			knownRegions = (
				en,
			);
			mainGroup = E4F0BFDD16725B6900297DC4;
			productRefGroup = E4F0BFE916725B6900297DC4 /* Products */;
			projectDirPath = "";
			projectRoot = "";
			targets = (
				E4F0BFE716725B6900297DC4 /* AudioTest */,
				E4DFDDDD16C260CF0001D40D /* AudioTestClient */,
			);
		};
/* End PBXProject section */

/* Begin PBXResourcesBuildPhase section */
		E4F0BFE616725B6900297DC4 /* Resources */ = {
			isa = PBXResourcesBuildPhase;
			buildActionMask = 2147483647;
			files = (
				E4F0BFF416725B6900297DC4 /* Icon-72.png in Resources */,
				E4F0BFF616725B6900297DC4 /* Icon-Small-50.png in Resources */,
				E4F0BFF816725B6900297DC4 /* Icon-Small.png in Resources */,
				E4F0BFFA16725B6900297DC4 /* Icon-Small@2x.png in Resources */,
				E4F0BFFC16725B6900297DC4 /* Icon.png in Resources */,
				E4F0BFFE16725B6900297DC4 /* Icon@2x.png in Resources */,
				E4F0C00016725B6900297DC4 /* iTunesArtwork in Resources */,
				E4F0C00316725B6900297DC4 /* Default.png in Resources */,
				E4F0C00516725B6900297DC4 /* Default@2x.png in Resources */,
				E4F0C00716725B6900297DC4 /* Default-568h@2x.png in Resources */,
				E4F0C00B16725B6900297DC4 /* MainWindow.xib in Resources */,
				E4F0C01316725B6900297DC4 /* ViewController.xib in Resources */,
				E4F0C01A16725D6600297DC4 /* ShareAndEnjoy.wav in Resources */,
			);
			runOnlyForDeploymentPostprocessing = 0;
		};
/* End PBXResourcesBuildPhase section */

/* Begin PBXSourcesBuildPhase section */
		E4DFDDDB16C260CF0001D40D /* Sources */ = {
			isa = PBXSourcesBuildPhase;
			buildActionMask = 2147483647;
			files = (
				E4DFDDE216C260CF0001D40D /* main.m in Sources */,
				D6036CC616C8AA5D006F42DE /* QCommandConnection.m in Sources */,
				D6036CC816C8AA5D006F42DE /* QCommandLineConnection.m in Sources */,
				D6036CCA16C8AA5D006F42DE /* QServer.m in Sources */,
			);
			runOnlyForDeploymentPostprocessing = 0;
		};
		E4F0BFE416725B6900297DC4 /* Sources */ = {
			isa = PBXSourcesBuildPhase;
			buildActionMask = 2147483647;
			files = (
				E4F0C00916725B6900297DC4 /* main.m in Sources */,
				E4F0C00E16725B6900297DC4 /* AppDelegate.m in Sources */,
				E4F0C01116725B6900297DC4 /* ViewController.m in Sources */,
				D6036CC516C8AA5D006F42DE /* QCommandConnection.m in Sources */,
				D6036CC716C8AA5D006F42DE /* QCommandLineConnection.m in Sources */,
				D6036CC916C8AA5D006F42DE /* QServer.m in Sources */,
			);
			runOnlyForDeploymentPostprocessing = 0;
		};
/* End PBXSourcesBuildPhase section */

/* Begin XCBuildConfiguration section */
		E4DFDDE316C260CF0001D40D /* Debug */ = {
			isa = XCBuildConfiguration;
			buildSettings = {
				ARCHS = "$(ARCHS_STANDARD_64_BIT)";
				MACOSX_DEPLOYMENT_TARGET = 10.7;
				PRODUCT_NAME = "$(TARGET_NAME)";
				SDKROOT = macosx;
			};
			name = Debug;
		};
		E4DFDDE416C260CF0001D40D /* Release */ = {
			isa = XCBuildConfiguration;
			buildSettings = {
				ARCHS = "$(ARCHS_STANDARD_64_BIT)";
				MACOSX_DEPLOYMENT_TARGET = 10.7;
				PRODUCT_NAME = "$(TARGET_NAME)";
				SDKROOT = macosx;
			};
			name = Release;
		};
		E4F0C01416725B6900297DC4 /* Debug */ = {
			isa = XCBuildConfiguration;
			buildSettings = {
				ALWAYS_SEARCH_USER_PATHS = NO;
				ARCHS = "$(ARCHS_STANDARD_32_BIT)";
				CLANG_ANALYZER_SECURITY_FLOATLOOPCOUNTER = YES;
				CLANG_ANALYZER_SECURITY_INSECUREAPI_RAND = YES;
				CLANG_ANALYZER_SECURITY_INSECUREAPI_STRCPY = YES;
				CLANG_ENABLE_OBJC_ARC = NO;
				CLANG_WARN_DEPRECATED_OBJC_IMPLEMENTATIONS = YES;
				CLANG_WARN_IMPLICIT_SIGN_CONVERSION = YES;
				CLANG_WARN_OBJC_IMPLICIT_ATOMIC_PROPERTIES = YES;
				CLANG_WARN_SUSPICIOUS_IMPLICIT_CONVERSION = YES;
				CLANG_WARN__DUPLICATE_METHOD_MATCH = YES;
				"CODE_SIGN_IDENTITY[sdk=iphoneos*]" = "iPhone Developer";
				DEBUG_INFORMATION_FORMAT = "dwarf-with-dsym";
				GCC_OPTIMIZATION_LEVEL = 0;
				GCC_PREPROCESSOR_DEFINITIONS = "";
				GCC_WARN_64_TO_32_BIT_CONVERSION = YES;
				GCC_WARN_ABOUT_MISSING_FIELD_INITIALIZERS = YES;
				GCC_WARN_ABOUT_MISSING_NEWLINE = YES;
				GCC_WARN_ABOUT_MISSING_PROTOTYPES = YES;
				GCC_WARN_ABOUT_RETURN_TYPE = YES;
				GCC_WARN_ALLOW_INCOMPLETE_PROTOCOL = YES;
				GCC_WARN_INITIALIZER_NOT_FULLY_BRACKETED = YES;
				GCC_WARN_SHADOW = YES;
				GCC_WARN_SIGN_COMPARE = YES;
				GCC_WARN_STRICT_SELECTOR_MATCH = YES;
				GCC_WARN_UNDECLARED_SELECTOR = YES;
				GCC_WARN_UNINITIALIZED_AUTOS = YES;
				GCC_WARN_UNUSED_FUNCTION = YES;
				GCC_WARN_UNUSED_LABEL = YES;
				GCC_WARN_UNUSED_PARAMETER = YES;
				GCC_WARN_UNUSED_VARIABLE = YES;
				IPHONEOS_DEPLOYMENT_TARGET = 4.0;
				RUN_CLANG_STATIC_ANALYZER = YES;
				SDKROOT = iphoneos;
			};
			name = Debug;
		};
		E4F0C01516725B6900297DC4 /* Release */ = {
			isa = XCBuildConfiguration;
			buildSettings = {
				ALWAYS_SEARCH_USER_PATHS = NO;
				ARCHS = "$(ARCHS_STANDARD_32_BIT)";
				CLANG_ANALYZER_SECURITY_FLOATLOOPCOUNTER = YES;
				CLANG_ANALYZER_SECURITY_INSECUREAPI_RAND = YES;
				CLANG_ANALYZER_SECURITY_INSECUREAPI_STRCPY = YES;
				CLANG_ENABLE_OBJC_ARC = NO;
				CLANG_WARN_DEPRECATED_OBJC_IMPLEMENTATIONS = YES;
				CLANG_WARN_IMPLICIT_SIGN_CONVERSION = YES;
				CLANG_WARN_OBJC_IMPLICIT_ATOMIC_PROPERTIES = YES;
				CLANG_WARN_SUSPICIOUS_IMPLICIT_CONVERSION = YES;
				CLANG_WARN__DUPLICATE_METHOD_MATCH = YES;
				"CODE_SIGN_IDENTITY[sdk=iphoneos*]" = "iPhone Developer";
				DEBUG_INFORMATION_FORMAT = "dwarf-with-dsym";
				GCC_OPTIMIZATION_LEVEL = s;
				GCC_PREPROCESSOR_DEFINITIONS = NDEBUG;
				GCC_WARN_64_TO_32_BIT_CONVERSION = YES;
				GCC_WARN_ABOUT_MISSING_FIELD_INITIALIZERS = YES;
				GCC_WARN_ABOUT_MISSING_NEWLINE = YES;
				GCC_WARN_ABOUT_MISSING_PROTOTYPES = YES;
				GCC_WARN_ABOUT_RETURN_TYPE = YES;
				GCC_WARN_ALLOW_INCOMPLETE_PROTOCOL = YES;
				GCC_WARN_INITIALIZER_NOT_FULLY_BRACKETED = YES;
				GCC_WARN_SHADOW = YES;
				GCC_WARN_SIGN_COMPARE = YES;
				GCC_WARN_STRICT_SELECTOR_MATCH = YES;
				GCC_WARN_UNDECLARED_SELECTOR = YES;
				GCC_WARN_UNINITIALIZED_AUTOS = YES;
				GCC_WARN_UNUSED_FUNCTION = YES;
				GCC_WARN_UNUSED_LABEL = YES;
				GCC_WARN_UNUSED_PARAMETER = YES;
				GCC_WARN_UNUSED_VARIABLE = YES;
				IPHONEOS_DEPLOYMENT_TARGET = 4.0;
				RUN_CLANG_STATIC_ANALYZER = YES;
				SDKROOT = iphoneos;
			};
			name = Release;
		};
		E4F0C01716725B6900297DC4 /* Debug */ = {
			isa = XCBuildConfiguration;
			buildSettings = {
				INFOPLIST_FILE = AudioTest/Info.plist;
				PRODUCT_NAME = "$(TARGET_NAME)";
				WRAPPER_EXTENSION = app;
			};
			name = Debug;
		};
		E4F0C01816725B6900297DC4 /* Release */ = {
			isa = XCBuildConfiguration;
			buildSettings = {
				INFOPLIST_FILE = AudioTest/Info.plist;
				PRODUCT_NAME = "$(TARGET_NAME)";
				WRAPPER_EXTENSION = app;
			};
			name = Release;
		};
/* End XCBuildConfiguration section */

/* Begin XCConfigurationList section */
		E4DFDDE516C260CF0001D40D /* Build configuration list for PBXNativeTarget "AudioTestClient" */ = {
			isa = XCConfigurationList;
			buildConfigurations = (
				E4DFDDE316C260CF0001D40D /* Debug */,
				E4DFDDE416C260CF0001D40D /* Release */,
			);
			defaultConfigurationIsVisible = 0;
			defaultConfigurationName = Release;
		};
		E4F0BFE216725B6900297DC4 /* Build configuration list for PBXProject "AudioTest" */ = {
			isa = XCConfigurationList;
			buildConfigurations = (
				E4F0C01416725B6900297DC4 /* Debug */,
				E4F0C01516725B6900297DC4 /* Release */,
			);
			defaultConfigurationIsVisible = 0;
			defaultConfigurationName = Release;
		};
		E4F0C01616725B6900297DC4 /* Build configuration list for PBXNativeTarget "AudioTest" */ = {
			isa = XCConfigurationList;
			buildConfigurations = (
				E4F0C01716725B6900297DC4 /* Debug */,
				E4F0C01816725B6900297DC4 /* Release */,
			);
			defaultConfigurationIsVisible = 0;
			defaultConfigurationName = Release;
		};
/* End XCConfigurationList section */
	};
	rootObject = E4F0BFDF16725B6900297DC4 /* Project object */;
}
